
Microsoft Visual Studio Solution File, Format Version 12.00
# Visual Studio Version 17
VisualStudioVersion = 17.4.33110.190
MinimumVisualStudioVersion = 10.0.40219.1
Project("{FAE04EC0-301F-11D3-BF4B-00C04F79EFBC}") = "SampleNetCoreDockerApi", "SampleNetCoreDockerApi\SampleNetCoreDockerApi.csproj", "{049E3C91-F433-4A64-9625-BC203137EC9D}"
EndProject
Global
	GlobalSection(SolutionConfigurationPlatforms) = preSolution
		Debug|Any CPU = Debug|Any CPU
		Release|Any CPU = Release|Any CPU
	EndGlobalSection
	GlobalSection(ProjectConfigurationPlatforms) = postSolution
		{049E3C91-F433-4A64-9625-BC203137EC9D}.Debug|Any CPU.ActiveCfg = Debug|Any CPU
		{049E3C91-F433-4A64-9625-BC203137EC9D}.Debug|Any CPU.Build.0 = Debug|Any CPU
		{049E3C91-F433-4A64-9625-BC203137EC9D}.Release|Any CPU.ActiveCfg = Release|Any CPU
		{049E3C91-F433-4A64-9625-BC203137EC9D}.Release|Any CPU.Build.0 = Release|Any CPU
	EndGlobalSection
	GlobalSection(SolutionProperties) = preSolution
		HideSolutionNode = FALSE
	EndGlobalSection
	GlobalSection(ExtensibilityGlobals) = postSolution
		SolutionGuid = {73A5606A-812D-4BE7-915A-B12D49F42456}
	EndGlobalSection
EndGlobal
